<Solution>
  <Folder Name="/docs/">
    <File Path="docs/arquitetura.md" />
    <File Path="docs/glossario-dominio.md" />
  </Folder>
  <Folder Name="/Solution Items/">
    <File Path="README.md" />
  </Folder>
  <Project Path="EdiStudio.Tests/EdiStudio.Tests.csproj" Id="58375e66-2d5a-45ba-a4a0-2dda75685445" />
  <Project Path="EdiStudio/EdiStudio.csproj" />
</Solution>
